
Microsoft Visual Studio Solution File, Format Version 12.00
# Visual Studio Version 17
VisualStudioVersion = 17.3.32825.248
MinimumVisualStudioVersion = 10.0.40219.1
Project("{FAE04EC0-301F-11D3-BF4B-00C04F79EFBC}") = "ExericiEntitiesExtra", "ExericiEntitiesExtra\ExericiEntitiesExtra.csproj", "{E1CC4FE3-402D-4C0F-8DF7-22265C8D7D52}"
EndProject
Global
	GlobalSection(SolutionConfigurationPlatforms) = preSolution
		Debug|Any CPU = Debug|Any CPU
		Release|Any CPU = Release|Any CPU
	EndGlobalSection
	GlobalSection(ProjectConfigurationPlatforms) = postSolution
		{E1CC4FE3-402D-4C0F-8DF7-22265C8D7D52}.Debug|Any CPU.ActiveCfg = Debug|Any CPU
		{E1CC4FE3-402D-4C0F-8DF7-22265C8D7D52}.Debug|Any CPU.Build.0 = Debug|Any CPU
		{E1CC4FE3-402D-4C0F-8DF7-22265C8D7D52}.Release|Any CPU.ActiveCfg = Release|Any CPU
		{E1CC4FE3-402D-4C0F-8DF7-22265C8D7D52}.Release|Any CPU.Build.0 = Release|Any CPU
	EndGlobalSection
	GlobalSection(SolutionProperties) = preSolution
		HideSolutionNode = FALSE
	EndGlobalSection
	GlobalSection(ExtensibilityGlobals) = postSolution
		SolutionGuid = {954630B3-9BC9-457B-A5ED-D63C94441AE5}
	EndGlobalSection
EndGlobal
