
Microsoft Visual Studio Solution File, Format Version 12.00
# Visual Studio Version 17
VisualStudioVersion = 17.3.32825.248
MinimumVisualStudioVersion = 10.0.40219.1
Project("{FAE04EC0-301F-11D3-BF4B-00C04F79EFBC}") = "ProvaExamenUF2", "ProvaExamenUF2\ProvaExamenUF2.csproj", "{F38D6FA8-3087-4B74-984D-E4BCE3A46BD8}"
EndProject
Global
	GlobalSection(SolutionConfigurationPlatforms) = preSolution
		Debug|Any CPU = Debug|Any CPU
		Release|Any CPU = Release|Any CPU
	EndGlobalSection
	GlobalSection(ProjectConfigurationPlatforms) = postSolution
		{F38D6FA8-3087-4B74-984D-E4BCE3A46BD8}.Debug|Any CPU.ActiveCfg = Debug|Any CPU
		{F38D6FA8-3087-4B74-984D-E4BCE3A46BD8}.Debug|Any CPU.Build.0 = Debug|Any CPU
		{F38D6FA8-3087-4B74-984D-E4BCE3A46BD8}.Release|Any CPU.ActiveCfg = Release|Any CPU
		{F38D6FA8-3087-4B74-984D-E4BCE3A46BD8}.Release|Any CPU.Build.0 = Release|Any CPU
	EndGlobalSection
	GlobalSection(SolutionProperties) = preSolution
		HideSolutionNode = FALSE
	EndGlobalSection
	GlobalSection(ExtensibilityGlobals) = postSolution
		SolutionGuid = {3127A39D-B353-49DA-AB12-427122B72FBC}
	EndGlobalSection
EndGlobal
